
Microsoft Visual Studio Solution File, Format Version 12.00
# Visual Studio Version 17
VisualStudioVersion = 17.10.35122.118
MinimumVisualStudioVersion = 10.0.40219.1
Project("{FAE04EC0-301F-11D3-BF4B-00C04F79EFBC}") = "GraphTraversal", "GraphTraversal\GraphTraversal.csproj", "{749CF06A-26E2-45CC-8DBD-3824362391FF}"
EndProject
Global
	GlobalSection(SolutionConfigurationPlatforms) = preSolution
		Debug|Any CPU = Debug|Any CPU
		Release|Any CPU = Release|Any CPU
	EndGlobalSection
	GlobalSection(ProjectConfigurationPlatforms) = postSolution
		{749CF06A-26E2-45CC-8DBD-3824362391FF}.Debug|Any CPU.ActiveCfg = Debug|Any CPU
		{749CF06A-26E2-45CC-8DBD-3824362391FF}.Debug|Any CPU.Build.0 = Debug|Any CPU
		{749CF06A-26E2-45CC-8DBD-3824362391FF}.Release|Any CPU.ActiveCfg = Release|Any CPU
		{749CF06A-26E2-45CC-8DBD-3824362391FF}.Release|Any CPU.Build.0 = Release|Any CPU
	EndGlobalSection
	GlobalSection(SolutionProperties) = preSolution
		HideSolutionNode = FALSE
	EndGlobalSection
	GlobalSection(ExtensibilityGlobals) = postSolution
		SolutionGuid = {5AA3DC51-4E77-444D-95F5-8CD2FCDA9C20}
	EndGlobalSection
EndGlobal
